
Microsoft Visual Studio Solution File, Format Version 12.00
# Visual Studio Version 16
VisualStudioVersion = 16.0.28714.193
MinimumVisualStudioVersion = 10.0.40219.1
Project("{9A19103F-16F7-4668-BE54-9A1E7A4F7556}") = "JavaNet", "JavaNet\JavaNet.csproj", "{51BE733E-06FC-4DF8-92EB-A7422A87B893}"
EndProject
Project("{9A19103F-16F7-4668-BE54-9A1E7A4F7556}") = "JavaNet.Console", "JavaNet.Console\JavaNet.Console.csproj", "{F81CDED6-E040-4C5C-AB37-96E26D83894E}"
EndProject
Project("{9A19103F-16F7-4668-BE54-9A1E7A4F7556}") = "JavaNet.Mvn", "JavaNet.Mvn\JavaNet.Mvn.csproj", "{57C72378-1D76-4245-BAFA-B2302652DB51}"
EndProject
Project("{9A19103F-16F7-4668-BE54-9A1E7A4F7556}") = "JavaNet.Runtime", "JavaNet.Runtime\JavaNet.Runtime.csproj", "{52684A89-46E4-4831-920E-F517CEDCBB82}"
EndProject
Project("{9A19103F-16F7-4668-BE54-9A1E7A4F7556}") = "JavaNet.RuntimeConverter", "JavaNet.RuntimeConverter\JavaNet.RuntimeConverter.csproj", "{2E84B96A-3A61-4ABE-8C1A-345AB792F629}"
EndProject
Project("{F2A71F9B-5D33-465A-A702-920D77279786}") = "JavaNetFs", "JavaNetFs\JavaNetFs.fsproj", "{A0A7BA26-88BA-4E87-9C4A-5BA129250297}"
EndProject
Project("{9A19103F-16F7-4668-BE54-9A1E7A4F7556}") = "JavaNet.Runtime.Plugs", "JavaNet.Runtime.Plugs\JavaNet.Runtime.Plugs.csproj", "{16F76CD4-F163-414E-A663-585199A68937}"
EndProject
Project("{9A19103F-16F7-4668-BE54-9A1E7A4F7556}") = "JavaNetTest", "JavaNetTest\JavaNetTest.csproj", "{2A21078A-31E2-4C7D-B329-876ED479E96C}"
EndProject
Project("{FAE04EC0-301F-11D3-BF4B-00C04F79EFBC}") = "JavaNet.Runtime.Native", "JavaNet.Runtime.Native\JavaNet.Runtime.Native.csproj", "{01F3263C-A01B-4D34-B015-14A6E1876A98}"
EndProject
Global
	GlobalSection(SolutionConfigurationPlatforms) = preSolution
		Debug|Any CPU = Debug|Any CPU
		Release|Any CPU = Release|Any CPU
	EndGlobalSection
	GlobalSection(ProjectConfigurationPlatforms) = postSolution
		{51BE733E-06FC-4DF8-92EB-A7422A87B893}.Debug|Any CPU.ActiveCfg = Debug|Any CPU
		{51BE733E-06FC-4DF8-92EB-A7422A87B893}.Debug|Any CPU.Build.0 = Debug|Any CPU
		{51BE733E-06FC-4DF8-92EB-A7422A87B893}.Release|Any CPU.ActiveCfg = Release|Any CPU
		{51BE733E-06FC-4DF8-92EB-A7422A87B893}.Release|Any CPU.Build.0 = Release|Any CPU
		{F81CDED6-E040-4C5C-AB37-96E26D83894E}.Debug|Any CPU.ActiveCfg = Debug|Any CPU
		{F81CDED6-E040-4C5C-AB37-96E26D83894E}.Debug|Any CPU.Build.0 = Debug|Any CPU
		{F81CDED6-E040-4C5C-AB37-96E26D83894E}.Release|Any CPU.ActiveCfg = Release|Any CPU
		{F81CDED6-E040-4C5C-AB37-96E26D83894E}.Release|Any CPU.Build.0 = Release|Any CPU
		{57C72378-1D76-4245-BAFA-B2302652DB51}.Debug|Any CPU.ActiveCfg = Debug|Any CPU
		{57C72378-1D76-4245-BAFA-B2302652DB51}.Debug|Any CPU.Build.0 = Debug|Any CPU
		{57C72378-1D76-4245-BAFA-B2302652DB51}.Release|Any CPU.ActiveCfg = Release|Any CPU
		{57C72378-1D76-4245-BAFA-B2302652DB51}.Release|Any CPU.Build.0 = Release|Any CPU
		{52684A89-46E4-4831-920E-F517CEDCBB82}.Debug|Any CPU.ActiveCfg = Debug|Any CPU
		{52684A89-46E4-4831-920E-F517CEDCBB82}.Debug|Any CPU.Build.0 = Debug|Any CPU
		{52684A89-46E4-4831-920E-F517CEDCBB82}.Release|Any CPU.ActiveCfg = Release|Any CPU
		{52684A89-46E4-4831-920E-F517CEDCBB82}.Release|Any CPU.Build.0 = Release|Any CPU
		{2E84B96A-3A61-4ABE-8C1A-345AB792F629}.Debug|Any CPU.ActiveCfg = Debug|Any CPU
		{2E84B96A-3A61-4ABE-8C1A-345AB792F629}.Debug|Any CPU.Build.0 = Debug|Any CPU
		{2E84B96A-3A61-4ABE-8C1A-345AB792F629}.Release|Any CPU.ActiveCfg = Release|Any CPU
		{2E84B96A-3A61-4ABE-8C1A-345AB792F629}.Release|Any CPU.Build.0 = Release|Any CPU
		{A0A7BA26-88BA-4E87-9C4A-5BA129250297}.Debug|Any CPU.ActiveCfg = Debug|Any CPU
		{A0A7BA26-88BA-4E87-9C4A-5BA129250297}.Debug|Any CPU.Build.0 = Debug|Any CPU
		{A0A7BA26-88BA-4E87-9C4A-5BA129250297}.Release|Any CPU.ActiveCfg = Release|Any CPU
		{A0A7BA26-88BA-4E87-9C4A-5BA129250297}.Release|Any CPU.Build.0 = Release|Any CPU
		{16F76CD4-F163-414E-A663-585199A68937}.Debug|Any CPU.ActiveCfg = Debug|Any CPU
		{16F76CD4-F163-414E-A663-585199A68937}.Debug|Any CPU.Build.0 = Debug|Any CPU
		{16F76CD4-F163-414E-A663-585199A68937}.Release|Any CPU.ActiveCfg = Release|Any CPU
		{16F76CD4-F163-414E-A663-585199A68937}.Release|Any CPU.Build.0 = Release|Any CPU
		{2A21078A-31E2-4C7D-B329-876ED479E96C}.Debug|Any CPU.ActiveCfg = Debug|Any CPU
		{2A21078A-31E2-4C7D-B329-876ED479E96C}.Debug|Any CPU.Build.0 = Debug|Any CPU
		{2A21078A-31E2-4C7D-B329-876ED479E96C}.Release|Any CPU.ActiveCfg = Release|Any CPU
		{2A21078A-31E2-4C7D-B329-876ED479E96C}.Release|Any CPU.Build.0 = Release|Any CPU
		{01F3263C-A01B-4D34-B015-14A6E1876A98}.Debug|Any CPU.ActiveCfg = Debug|Any CPU
		{01F3263C-A01B-4D34-B015-14A6E1876A98}.Debug|Any CPU.Build.0 = Debug|Any CPU
		{01F3263C-A01B-4D34-B015-14A6E1876A98}.Release|Any CPU.ActiveCfg = Release|Any CPU
		{01F3263C-A01B-4D34-B015-14A6E1876A98}.Release|Any CPU.Build.0 = Release|Any CPU
	EndGlobalSection
	GlobalSection(SolutionProperties) = preSolution
		HideSolutionNode = FALSE
	EndGlobalSection
	GlobalSection(ExtensibilityGlobals) = postSolution
		SolutionGuid = {267C463E-6BE3-4508-A9D1-A373894E682A}
	EndGlobalSection
EndGlobal
